
Microsoft Visual Studio Solution File, Format Version 12.00
# Visual Studio Version 17
VisualStudioVersion = 17.14.36915.13 d17.14
MinimumVisualStudioVersion = 10.0.40219.1
Project("{FAE04EC0-301F-11D3-BF4B-00C04F79EFBC}") = "BlackDesert", "BlackDesert\BlackDesert.csproj", "{E38289DE-2336-45F5-8017-2D3307EACD47}"
EndProject
Global
	GlobalSection(SolutionConfigurationPlatforms) = preSolution
		Debug|Any CPU = Debug|Any CPU
		Release|Any CPU = Release|Any CPU
	EndGlobalSection
	GlobalSection(ProjectConfigurationPlatforms) = postSolution
		{E38289DE-2336-45F5-8017-2D3307EACD47}.Debug|Any CPU.ActiveCfg = Debug|Any CPU
		{E38289DE-2336-45F5-8017-2D3307EACD47}.Debug|Any CPU.Build.0 = Debug|Any CPU
		{E38289DE-2336-45F5-8017-2D3307EACD47}.Release|Any CPU.ActiveCfg = Release|Any CPU
		{E38289DE-2336-45F5-8017-2D3307EACD47}.Release|Any CPU.Build.0 = Release|Any CPU
	EndGlobalSection
	GlobalSection(SolutionProperties) = preSolution
		HideSolutionNode = FALSE
	EndGlobalSection
	GlobalSection(ExtensibilityGlobals) = postSolution
		SolutionGuid = {404CA8BA-218C-417E-AD36-E807676B3E48}
	EndGlobalSection
EndGlobal
